{
  "name": "PruebaTecnica",
  "lockfileVersion": 3,
  "requires": true,
  "packages": {
    "": {
      "dependencies": {
        "@progress/kendo-ui": "^2023.2.718"
      }
    },
    "node_modules/@progress/kendo-ui": {
      "version": "2023.2.718",
      "resolved": "https://registry.npmjs.org/@progress/kendo-ui/-/kendo-ui-2023.2.718.tgz",
      "integrity": "sha512-4iEllCZXkP8hZp+9CaMkw8oGtpa4kiM8CDl+ARLZKqeVXHAWuBzEYxsdteR8sSDhUTKz9PmzoFD9QqsbmDfZkw==",
      "dependencies": {
        "jquery": "1.10.0 - 3.7"
      }
    },
    "node_modules/jquery": {
      "version": "3.7.0",
      "resolved": "https://registry.npmjs.org/jquery/-/jquery-3.7.0.tgz",
      "integrity": "sha512-umpJ0/k8X0MvD1ds0P9SfowREz2LenHsQaxSohMZ5OMNEU2r0tf8pdeEFTHMFxWVxKNyU9rTtK3CWzUCTKJUeQ=="
    }
  }
}
