
Microsoft Visual Studio Solution File, Format Version 12.00
# Visual Studio Version 17
VisualStudioVersion = 17.6.33815.320
MinimumVisualStudioVersion = 10.0.40219.1
Project("{9A19103F-16F7-4668-BE54-9A1E7A4F7556}") = "PruebaTecnicaApi", "..\PruebaTecnicaApi\PruebaTecnicaApi.csproj", "{89DDB65D-A7FC-412C-92CF-CAFE690CB268}"
EndProject
Project("{FAE04EC0-301F-11D3-BF4B-00C04F79EFBC}") = "PruebaTecnicaDataAccess", "PruebaTecnicaDataAccess\PruebaTecnicaDataAccess.csproj", "{2C8BEF7E-B0C2-4583-9D37-33EDDA601E4D}"
EndProject
Project("{FAE04EC0-301F-11D3-BF4B-00C04F79EFBC}") = "PruebaTecnicaBusiness", "PruebaTecnicaBusiness\PruebaTecnicaBusiness.csproj", "{4735F60B-3EEF-4994-AD7D-CC3847F4EF03}"
EndProject
Project("{FAE04EC0-301F-11D3-BF4B-00C04F79EFBC}") = "PruebaTecnicaDTOs", "PruebaTecnicaDTOs\PruebaTecnicaDTOs.csproj", "{D0257635-156D-418C-9D6C-4AB64272AAFC}"
EndProject
Project("{FAE04EC0-301F-11D3-BF4B-00C04F79EFBC}") = "PruebaTecnicaServices", "PruebaTecnicaServices\PruebaTecnicaServices.csproj", "{BE14B188-004C-4597-8463-45F6B4611D64}"
EndProject
Global
	GlobalSection(SolutionConfigurationPlatforms) = preSolution
		Debug|Any CPU = Debug|Any CPU
		Release|Any CPU = Release|Any CPU
	EndGlobalSection
	GlobalSection(ProjectConfigurationPlatforms) = postSolution
		{89DDB65D-A7FC-412C-92CF-CAFE690CB268}.Debug|Any CPU.ActiveCfg = Debug|Any CPU
		{89DDB65D-A7FC-412C-92CF-CAFE690CB268}.Debug|Any CPU.Build.0 = Debug|Any CPU
		{89DDB65D-A7FC-412C-92CF-CAFE690CB268}.Release|Any CPU.ActiveCfg = Release|Any CPU
		{89DDB65D-A7FC-412C-92CF-CAFE690CB268}.Release|Any CPU.Build.0 = Release|Any CPU
		{2C8BEF7E-B0C2-4583-9D37-33EDDA601E4D}.Debug|Any CPU.ActiveCfg = Debug|Any CPU
		{2C8BEF7E-B0C2-4583-9D37-33EDDA601E4D}.Debug|Any CPU.Build.0 = Debug|Any CPU
		{2C8BEF7E-B0C2-4583-9D37-33EDDA601E4D}.Release|Any CPU.ActiveCfg = Release|Any CPU
		{2C8BEF7E-B0C2-4583-9D37-33EDDA601E4D}.Release|Any CPU.Build.0 = Release|Any CPU
		{4735F60B-3EEF-4994-AD7D-CC3847F4EF03}.Debug|Any CPU.ActiveCfg = Debug|Any CPU
		{4735F60B-3EEF-4994-AD7D-CC3847F4EF03}.Debug|Any CPU.Build.0 = Debug|Any CPU
		{4735F60B-3EEF-4994-AD7D-CC3847F4EF03}.Release|Any CPU.ActiveCfg = Release|Any CPU
		{4735F60B-3EEF-4994-AD7D-CC3847F4EF03}.Release|Any CPU.Build.0 = Release|Any CPU
		{D0257635-156D-418C-9D6C-4AB64272AAFC}.Debug|Any CPU.ActiveCfg = Debug|Any CPU
		{D0257635-156D-418C-9D6C-4AB64272AAFC}.Debug|Any CPU.Build.0 = Debug|Any CPU
		{D0257635-156D-418C-9D6C-4AB64272AAFC}.Release|Any CPU.ActiveCfg = Release|Any CPU
		{D0257635-156D-418C-9D6C-4AB64272AAFC}.Release|Any CPU.Build.0 = Release|Any CPU
		{BE14B188-004C-4597-8463-45F6B4611D64}.Debug|Any CPU.ActiveCfg = Debug|Any CPU
		{BE14B188-004C-4597-8463-45F6B4611D64}.Debug|Any CPU.Build.0 = Debug|Any CPU
		{BE14B188-004C-4597-8463-45F6B4611D64}.Release|Any CPU.ActiveCfg = Release|Any CPU
		{BE14B188-004C-4597-8463-45F6B4611D64}.Release|Any CPU.Build.0 = Release|Any CPU
	EndGlobalSection
	GlobalSection(SolutionProperties) = preSolution
		HideSolutionNode = FALSE
	EndGlobalSection
	GlobalSection(ExtensibilityGlobals) = postSolution
		SolutionGuid = {D98F96D0-A6C7-4357-8636-9FE5967CFF87}
	EndGlobalSection
EndGlobal
